
Microsoft Visual Studio Solution File, Format Version 12.00
Project("{FAE04EC0-301F-11D3-BF4B-00C04F79EFBC}") = "TodoWeb", "TodoWeb\TodoWeb.csproj", "{FD871470-CD03-4238-B3F7-A01D827F93BD}"
EndProject
Global
	GlobalSection(SolutionConfigurationPlatforms) = preSolution
		Debug|Any CPU = Debug|Any CPU
		Release|Any CPU = Release|Any CPU
	EndGlobalSection
	GlobalSection(ProjectConfigurationPlatforms) = postSolution
		{FD871470-CD03-4238-B3F7-A01D827F93BD}.Debug|Any CPU.ActiveCfg = Debug|Any CPU
		{FD871470-CD03-4238-B3F7-A01D827F93BD}.Debug|Any CPU.Build.0 = Debug|Any CPU
		{FD871470-CD03-4238-B3F7-A01D827F93BD}.Release|Any CPU.ActiveCfg = Release|Any CPU
		{FD871470-CD03-4238-B3F7-A01D827F93BD}.Release|Any CPU.Build.0 = Release|Any CPU
	EndGlobalSection
EndGlobal
